SITE
  remote: http://community.opscode.com/api/v1
  specs:
    dmg (2.0.8)
    homebrew (1.5.2)

GIT
  remote: git://github.com/pivotal-sprout/sprout.git
  path: osx
  ref: master
  sha: 17691330d5ac954bd9c97dd3e7816d126758fd6f
  specs:
    osx (0.1.0)

GIT
  remote: git://github.com/pivotal-sprout/sprout.git
  path: sprout-osx-apps
  ref: master
  sha: 17691330d5ac954bd9c97dd3e7816d126758fd6f
  specs:
    sprout-osx-apps (0.1.0)
      dmg (>= 0.0.0)
      homebrew (>= 0.0.0)
      sprout-osx-base (>= 0.0.0)
      sprout-osx-settings (>= 0.0.0)

GIT
  remote: git://github.com/pivotal-sprout/sprout.git
  path: sprout-osx-base
  ref: master
  sha: 17691330d5ac954bd9c97dd3e7816d126758fd6f
  specs:
    sprout-osx-base (0.1.0)

GIT
  remote: git://github.com/pivotal-sprout/sprout.git
  path: sprout-osx-git
  ref: master
  sha: 17691330d5ac954bd9c97dd3e7816d126758fd6f
  specs:
    sprout-osx-git (0.1.0)
      homebrew (>= 0.0.0)
      sprout-osx-base (>= 0.0.0)

GIT
  remote: git://github.com/pivotal-sprout/sprout.git
  path: sprout-osx-settings
  ref: master
  sha: 17691330d5ac954bd9c97dd3e7816d126758fd6f
  specs:
    sprout-osx-settings (0.1.0)
      homebrew (>= 0.0.0)
      osx (>= 0.0.0)
      sprout-osx-base (>= 0.0.0)

GIT
  remote: git://github.com/pivotal-sprout/sprout.git
  path: sprout-pivotal
  ref: master
  sha: 17691330d5ac954bd9c97dd3e7816d126758fd6f
  specs:
    sprout-pivotal (0.1.0)
      dmg (>= 0.0.0)
      homebrew (>= 0.0.0)
      sprout-osx-base (>= 0.0.0)

PATH
  remote: ../sprout/pivotal_workstation
  specs:
    pivotal_workstation (1.0.0)
      dmg (>= 0.0.0)
      homebrew (>= 0.0.0)
      osx (>= 0.0.0)
      sprout-osx-apps (>= 0.0.0)
      sprout-osx-base (>= 0.0.0)
      sprout-osx-settings (>= 0.0.0)
      sprout-pivotal (>= 0.0.0)

PATH
  remote: site-cookbooks/hjhart-osx-apps
  specs:
    hjhart (0.1.0)
      pivotal_workstation (>= 0.0.0)
      sprout-osx-apps (>= 0.0.0)
      sprout-osx-settings (>= 0.0.0)

PATH
  remote: site-cookbooks/meta
  specs:
    meta (0.1.0)
      pivotal_workstation (>= 0.0.0)
      sprout-osx-apps (>= 0.0.0)
      sprout-osx-settings (>= 0.0.0)

DEPENDENCIES
  hjhart (>= 0)
  meta (>= 0)
  osx (>= 0)
  pivotal_workstation (>= 0)
  sprout-osx-apps (>= 0)
  sprout-osx-base (>= 0)
  sprout-osx-git (>= 0)
  sprout-osx-settings (>= 0)
  sprout-pivotal (>= 0)

