SITE
  remote: http://community.opscode.com/api/v1
  specs:
    dmg (2.2.0)
    homebrew (1.5.4)

GIT
  remote: git://github.com/hjhart/sprout.git
  ref: git_config
  sha: 94baf23100852857e51623538f81eef3ec6bfc90
  specs:
    sprout-osx-git (0.1.0)
      homebrew (>= 0.0.0)
      sprout-osx-base (>= 0.0.0)

GIT
  remote: git://github.com/hjhart/sprout.git
  ref: gitx_symlink
  sha: 8d763dc82df577cbbe7df9f6880e130190465e83
  specs:
    sprout-osx-apps (0.1.0)
      dmg (>= 0.0.0)
      homebrew (>= 0.0.0)
      sprout-osx-base (>= 0.0.0)
      sprout-osx-settings (>= 0.0.0)

GIT
  remote: git://github.com/influitive/sprout-homebrew.git
  ref: master
  sha: 2e3bb3a07ecc7e06fcae0466f33ca5746a62f1b0
  specs:
    sprout-homebrew (0.1.0)
      homebrew (~> 1.5.4)

GIT
  remote: git://github.com/pivotal-sprout/sprout-base.git
  ref: master
  sha: e2649562c9ca53944d80380b1d95beb9c61df60e
  specs:
    sprout-base (0.1.0)
    sprout-osx-base (0.1.0)

GIT
  remote: git://github.com/pivotal-sprout/sprout-git.git
  ref: master
  sha: 3c2c7e048e30af8a8b9a6ec240009ff7dbd09c2e
  specs:
    osx-git (0.1.0)
      homebrew (>= 0.0.0)
      sprout-base (>= 0.0.0)

GIT
  remote: git://github.com/pivotal-sprout/sprout-osx-settings.git
  ref: master
  sha: 342fa674efa39034d37e9ada83d9c18b46a772e8
  specs:
    sprout-osx-settings (0.1.0)
      homebrew (>= 0.0.0)
      osx (>= 0.0.0)
      sprout-base (>= 0.0.0)

GIT
  remote: git://github.com/pivotal-sprout/sprout-redis.git
  ref: master
  sha: abf6ae6f0bd1ae74159b68bff2a07bf923309467
  specs:
    sprout-redis (0.1.0)
      homebrew (>= 0.0.0)
      sprout-base (>= 0.0.0)

GIT
  remote: git://github.com/pivotal-sprout/sprout-rubymine.git
  ref: master
  sha: 4db34901eb9358a80bfc05e3c9d9baf8525a0b40
  specs:
    sprout-rubymine (0.1.0)
      sprout-base (>= 0.0.0)
      sprout-homebrew (>= 0.0.0)

GIT
  remote: git://github.com/pivotal-sprout/sprout.git
  path: osx
  ref: master
  sha: 41dd47dc3bb4007bf5ad5a63c2897ec41cf89dd5
  specs:
    osx (0.1.0)

GIT
  remote: git://github.com/pivotal-sprout/sprout.git
  path: pivotal_workstation
  ref: master
  sha: 31b6b51704ea05b897c6932f684a763cb7eb1255
  specs:
    pivotal_workstation (1.0.0)
      dmg (>= 0.0.0)
      homebrew (>= 0.0.0)
      osx (>= 0.0.0)
      sprout-osx-apps (>= 0.0.0)
      sprout-osx-base (>= 0.0.0)
      sprout-osx-settings (>= 0.0.0)
      sprout-pivotal (>= 0.0.0)

GIT
  remote: git://github.com/pivotal-sprout/sprout.git
  path: sprout-pivotal
  ref: master
  sha: 41dd47dc3bb4007bf5ad5a63c2897ec41cf89dd5
  specs:
    sprout-pivotal (0.1.0)
      dmg (>= 0.0.0)
      homebrew (>= 0.0.0)
      sprout-base (>= 0.0.0)

PATH
  remote: site-cookbooks/hjhart-osx-apps
  specs:
    hjhart-osx-apps (0.1.0)
      pivotal_workstation (>= 0.0.0)
      sprout-osx-apps (>= 0.0.0)
      sprout-osx-settings (>= 0.0.0)

PATH
  remote: site-cookbooks/hjhart-osx-settings
  specs:
    hjhart-osx-settings (0.1.0)

DEPENDENCIES
  hjhart-osx-apps (>= 0)
  hjhart-osx-settings (>= 0)
  osx (>= 0)
  osx-git (>= 0)
  pivotal_workstation (>= 0)
  sprout-base (>= 0)
  sprout-homebrew (>= 0)
  sprout-osx-apps (>= 0)
  sprout-osx-base (>= 0)
  sprout-osx-git (>= 0)
  sprout-osx-settings (>= 0)
  sprout-pivotal (>= 0)
  sprout-redis (>= 0)
  sprout-rubymine (>= 0)

